
Microsoft Visual Studio Solution File, Format Version 12.00
# Visual Studio Version 17
VisualStudioVersion = 17.4.33403.182
MinimumVisualStudioVersion = 10.0.40219.1
Project("{9A19103F-16F7-4668-BE54-9A1E7A4F7556}") = "WebServer", "WebServer\WebServer.csproj", "{0843149B-1F6B-4E62-8725-29AA69FB1575}"
EndProject
Global
	GlobalSection(SolutionConfigurationPlatforms) = preSolution
		Debug|Any CPU = Debug|Any CPU
		Release|Any CPU = Release|Any CPU
	EndGlobalSection
	GlobalSection(ProjectConfigurationPlatforms) = postSolution
		{0843149B-1F6B-4E62-8725-29AA69FB1575}.Debug|Any CPU.ActiveCfg = Debug|Any CPU
		{0843149B-1F6B-4E62-8725-29AA69FB1575}.Debug|Any CPU.Build.0 = Debug|Any CPU
		{0843149B-1F6B-4E62-8725-29AA69FB1575}.Release|Any CPU.ActiveCfg = Release|Any CPU
		{0843149B-1F6B-4E62-8725-29AA69FB1575}.Release|Any CPU.Build.0 = Release|Any CPU
	EndGlobalSection
	GlobalSection(SolutionProperties) = preSolution
		HideSolutionNode = FALSE
	EndGlobalSection
	GlobalSection(ExtensibilityGlobals) = postSolution
		SolutionGuid = {D9143D1E-798B-4C79-A730-1404A0385583}
	EndGlobalSection
EndGlobal
